{
  "requires": true,
  "lockfileVersion": 1,
  "dependencies": {
    "@ya.praktikum/react-developer-burger-ui-components": {
      "version": "1.14.2",
      "resolved": "https://registry.npmjs.org/@ya.praktikum/react-developer-burger-ui-components/-/react-developer-burger-ui-components-1.14.2.tgz",
      "integrity": "sha512-2YkpCVE3/HwP8jLr8ObV56Q9f6OKj/jBAca2iY85PevtD2Hrc9v6WTNKgKaAjWIb1jxaS6kYBiShnGWyz1EcNA==",
      "requires": {
        "clsx": "^1.1.1",
        "plural-ru": "^2.0.2"
      }
    },
    "clsx": {
      "version": "1.2.1",
      "resolved": "https://registry.npmjs.org/clsx/-/clsx-1.2.1.tgz",
      "integrity": "sha512-EcR6r5a8bj6pu3ycsa/E/cKVGuTgZJZdsyUYHOksG/UHIiKfjxzRxYJpyVBwYaQeOvghal9fcc4PidlgzugAQg=="
    },
    "plural-ru": {
      "version": "2.0.2",
      "resolved": "https://registry.npmjs.org/plural-ru/-/plural-ru-2.0.2.tgz",
      "integrity": "sha512-zmQv/tMG7fjF8r8JJ2U1p9dP1RgQ54RnP9nOM9dJHlcWU4mVmesKU9RgouxvyrCIU7lwOtGBYJ6cBa00UlzUZQ=="
    }
  }
}
